
Microsoft Visual Studio Solution File, Format Version 12.00
# Visual Studio 15
VisualStudioVersion = 15.0.27703.2026
MinimumVisualStudioVersion = 10.0.40219.1
Project("{FAE04EC0-301F-11D3-BF4B-00C04F79EFBC}") = "App.Api", "App.Api\App.Api.csproj", "{AFD0ADCC-2797-4B45-9E27-64850D1CB5CE}"
EndProject
Project("{FAE04EC0-301F-11D3-BF4B-00C04F79EFBC}") = "ContactWebApp", "ContactWebApp\ContactWebApp.csproj", "{11028C4D-40AB-488C-AE18-AF6CEB9F5764}"
EndProject
Project("{FAE04EC0-301F-11D3-BF4B-00C04F79EFBC}") = "ContactWebApp.Test", "ContactWebApp.Test\ContactWebApp.Test.csproj", "{5B516812-3662-4553-8809-EB6F0A407930}"
EndProject
Global
	GlobalSection(SolutionConfigurationPlatforms) = preSolution
		Debug|Any CPU = Debug|Any CPU
		Release|Any CPU = Release|Any CPU
	EndGlobalSection
	GlobalSection(ProjectConfigurationPlatforms) = postSolution
		{AFD0ADCC-2797-4B45-9E27-64850D1CB5CE}.Debug|Any CPU.ActiveCfg = Debug|Any CPU
		{AFD0ADCC-2797-4B45-9E27-64850D1CB5CE}.Debug|Any CPU.Build.0 = Debug|Any CPU
		{AFD0ADCC-2797-4B45-9E27-64850D1CB5CE}.Release|Any CPU.ActiveCfg = Release|Any CPU
		{AFD0ADCC-2797-4B45-9E27-64850D1CB5CE}.Release|Any CPU.Build.0 = Release|Any CPU
		{11028C4D-40AB-488C-AE18-AF6CEB9F5764}.Debug|Any CPU.ActiveCfg = Debug|Any CPU
		{11028C4D-40AB-488C-AE18-AF6CEB9F5764}.Debug|Any CPU.Build.0 = Debug|Any CPU
		{11028C4D-40AB-488C-AE18-AF6CEB9F5764}.Release|Any CPU.ActiveCfg = Release|Any CPU
		{11028C4D-40AB-488C-AE18-AF6CEB9F5764}.Release|Any CPU.Build.0 = Release|Any CPU
		{5B516812-3662-4553-8809-EB6F0A407930}.Debug|Any CPU.ActiveCfg = Debug|Any CPU
		{5B516812-3662-4553-8809-EB6F0A407930}.Debug|Any CPU.Build.0 = Debug|Any CPU
		{5B516812-3662-4553-8809-EB6F0A407930}.Release|Any CPU.ActiveCfg = Release|Any CPU
		{5B516812-3662-4553-8809-EB6F0A407930}.Release|Any CPU.Build.0 = Release|Any CPU
	EndGlobalSection
	GlobalSection(SolutionProperties) = preSolution
		HideSolutionNode = FALSE
	EndGlobalSection
	GlobalSection(ExtensibilityGlobals) = postSolution
		SolutionGuid = {D18BF14C-62BC-46EF-A96B-2235CE609DCC}
	EndGlobalSection
EndGlobal
